
Microsoft Visual Studio Solution File, Format Version 10.00
# Visual Studio 2008
# Ranorex Studio 5
Project("{FAE04EC0-301F-11D3-BF4B-00C04F79EFBC}") = "PlayAgent", "PlayAgent\PlayAgent.csproj", "{9643E067-4F18-47D7-8D67-B1A5E3A2448A}"
EndProject
Global
	GlobalSection(SolutionConfigurationPlatforms) = preSolution
		Debug|x86 = Debug|x86
		Release|x86 = Release|x86
	EndGlobalSection
	GlobalSection(ProjectConfigurationPlatforms) = postSolution
		{9643E067-4F18-47D7-8D67-B1A5E3A2448A}.Debug|x86.Build.0 = Debug|x86
		{9643E067-4F18-47D7-8D67-B1A5E3A2448A}.Debug|x86.ActiveCfg = Debug|x86
		{9643E067-4F18-47D7-8D67-B1A5E3A2448A}.Release|x86.Build.0 = Release|x86
		{9643E067-4F18-47D7-8D67-B1A5E3A2448A}.Release|x86.ActiveCfg = Release|x86
	EndGlobalSection
EndGlobal
